// !$*UTF8*$!
{
	archiveVersion = 1;
	classes = {
	};
	objectVersion = 50;
	objects = {

/* Begin PBXBuildFile section */
		69B8C0552497D3FA00ECE840 /* SubFramework.framework in Frameworks */ = {isa = PBXBuildFile; fileRef = 69B8C04B2497D3FA00ECE840 /* SubFramework.framework */; };
		69B8C05A2497D3FA00ECE840 /* SubFrameworkTests.swift in Sources */ = {isa = PBXBuildFile; fileRef = 69B8C0592497D3FA00ECE840 /* SubFrameworkTests.swift */; };
		69B8C05C2497D3FA00ECE840 /* SubFramework.h in Headers */ = {isa = PBXBuildFile; fileRef = 69B8C04E2497D3FA00ECE840 /* SubFramework.h */; settings = {ATTRIBUTES = (Public, ); }; };
		69B8C0662497D42400ECE840 /* SampleFrameworkStruct.swift in Sources */ = {isa = PBXBuildFile; fileRef = 69B8C0652497D42400ECE840 /* SampleFrameworkStruct.swift */; };
/* End PBXBuildFile section */

/* Begin PBXContainerItemProxy section */
		69B8C0562497D3FA00ECE840 /* PBXContainerItemProxy */ = {
			isa = PBXContainerItemProxy;
			containerPortal = 69B8C0422497D3FA00ECE840 /* Project object */;
			proxyType = 1;
			remoteGlobalIDString = 69B8C04A2497D3FA00ECE840;
			remoteInfo = SubFramework;
		};
/* End PBXContainerItemProxy section */

/* Begin PBXFileReference section */
		69B8C04B2497D3FA00ECE840 /* SubFramework.framework */ = {isa = PBXFileReference; explicitFileType = wrapper.framework; includeInIndex = 0; path = SubFramework.framework; sourceTree = BUILT_PRODUCTS_DIR; };
		69B8C04E2497D3FA00ECE840 /* SubFramework.h */ = {isa = PBXFileReference; lastKnownFileType = sourcecode.c.h; path = SubFramework.h; sourceTree = "<group>"; };
		69B8C04F2497D3FA00ECE840 /* Info.plist */ = {isa = PBXFileReference; lastKnownFileType = text.plist.xml; path = Info.plist; sourceTree = "<group>"; };
		69B8C0542497D3FA00ECE840 /* SubFrameworkTests.xctest */ = {isa = PBXFileReference; explicitFileType = wrapper.cfbundle; includeInIndex = 0; path = SubFrameworkTests.xctest; sourceTree = BUILT_PRODUCTS_DIR; };
		69B8C0592497D3FA00ECE840 /* SubFrameworkTests.swift */ = {isa = PBXFileReference; lastKnownFileType = sourcecode.swift; path = SubFrameworkTests.swift; sourceTree = "<group>"; };
		69B8C05B2497D3FA00ECE840 /* Info.plist */ = {isa = PBXFileReference; lastKnownFileType = text.plist.xml; path = Info.plist; sourceTree = "<group>"; };
		69B8C0652497D42400ECE840 /* SampleFrameworkStruct.swift */ = {isa = PBXFileReference; lastKnownFileType = sourcecode.swift; path = SampleFrameworkStruct.swift; sourceTree = "<group>"; };
/* End PBXFileReference section */

/* Begin PBXFrameworksBuildPhase section */
		69B8C0482497D3FA00ECE840 /* Frameworks */ = {
			isa = PBXFrameworksBuildPhase;
			buildActionMask = 2147483647;
			files = (
			);
			runOnlyForDeploymentPostprocessing = 0;
		};
		69B8C0512497D3FA00ECE840 /* Frameworks */ = {
			isa = PBXFrameworksBuildPhase;
			buildActionMask = 2147483647;
			files = (
				69B8C0552497D3FA00ECE840 /* SubFramework.framework in Frameworks */,
			);
			runOnlyForDeploymentPostprocessing = 0;
		};
/* End PBXFrameworksBuildPhase section */

/* Begin PBXGroup section */
		69B8C0412497D3FA00ECE840 = {
			isa = PBXGroup;
			children = (
				69B8C04D2497D3FA00ECE840 /* SubFramework */,
				69B8C0582497D3FA00ECE840 /* SubFrameworkTests */,
				69B8C04C2497D3FA00ECE840 /* Products */,
			);
			sourceTree = "<group>";
		};
		69B8C04C2497D3FA00ECE840 /* Products */ = {
			isa = PBXGroup;
			children = (
				69B8C04B2497D3FA00ECE840 /* SubFramework.framework */,
				69B8C0542497D3FA00ECE840 /* SubFrameworkTests.xctest */,
			);
			name = Products;
			sourceTree = "<group>";
		};
		69B8C04D2497D3FA00ECE840 /* SubFramework */ = {
			isa = PBXGroup;
			children = (
				69B8C04E2497D3FA00ECE840 /* SubFramework.h */,
				69B8C04F2497D3FA00ECE840 /* Info.plist */,
				69B8C0652497D42400ECE840 /* SampleFrameworkStruct.swift */,
			);
			path = SubFramework;
			sourceTree = "<group>";
		};
		69B8C0582497D3FA00ECE840 /* SubFrameworkTests */ = {
			isa = PBXGroup;
			children = (
				69B8C0592497D3FA00ECE840 /* SubFrameworkTests.swift */,
				69B8C05B2497D3FA00ECE840 /* Info.plist */,
			);
			path = SubFrameworkTests;
			sourceTree = "<group>";
		};
/* End PBXGroup section */

/* Begin PBXHeadersBuildPhase section */
		69B8C0462497D3FA00ECE840 /* Headers */ = {
			isa = PBXHeadersBuildPhase;
			buildActionMask = 2147483647;
			files = (
				69B8C05C2497D3FA00ECE840 /* SubFramework.h in Headers */,
			);
			runOnlyForDeploymentPostprocessing = 0;
		};
/* End PBXHeadersBuildPhase section */

/* Begin PBXNativeTarget section */
		69B8C04A2497D3FA00ECE840 /* SubFramework */ = {
			isa = PBXNativeTarget;
			buildConfigurationList = 69B8C05F2497D3FA00ECE840 /* Build configuration list for PBXNativeTarget "SubFramework" */;
			buildPhases = (
				69B8C0462497D3FA00ECE840 /* Headers */,
				69B8C0472497D3FA00ECE840 /* Sources */,
				69B8C0482497D3FA00ECE840 /* Frameworks */,
				69B8C0492497D3FA00ECE840 /* Resources */,
			);
			buildRules = (
			);
			dependencies = (
			);
			name = SubFramework;
			productName = SubFramework;
			productReference = 69B8C04B2497D3FA00ECE840 /* SubFramework.framework */;
			productType = "com.apple.product-type.framework";
		};
		69B8C0532497D3FA00ECE840 /* SubFrameworkTests */ = {
			isa = PBXNativeTarget;
			buildConfigurationList = 69B8C0622497D3FA00ECE840 /* Build configuration list for PBXNativeTarget "SubFrameworkTests" */;
			buildPhases = (
				69B8C0502497D3FA00ECE840 /* Sources */,
				69B8C0512497D3FA00ECE840 /* Frameworks */,
				69B8C0522497D3FA00ECE840 /* Resources */,
			);
			buildRules = (
			);
			dependencies = (
				69B8C0572497D3FA00ECE840 /* PBXTargetDependency */,
			);
			name = SubFrameworkTests;
			productName = SubFrameworkTests;
			productReference = 69B8C0542497D3FA00ECE840 /* SubFrameworkTests.xctest */;
			productType = "com.apple.product-type.bundle.unit-test";
		};
/* End PBXNativeTarget section */

/* Begin PBXProject section */
		69B8C0422497D3FA00ECE840 /* Project object */ = {
			isa = PBXProject;
			attributes = {
				LastSwiftUpdateCheck = 1140;
				LastUpgradeCheck = 1140;
				ORGANIZATIONNAME = jay;
				TargetAttributes = {
					69B8C04A2497D3FA00ECE840 = {
						CreatedOnToolsVersion = 11.4.1;
						LastSwiftMigration = 1140;
					};
					69B8C0532497D3FA00ECE840 = {
						CreatedOnToolsVersion = 11.4.1;
					};
				};
			};
			buildConfigurationList = 69B8C0452497D3FA00ECE840 /* Build configuration list for PBXProject "SubFramework" */;
			compatibilityVersion = "Xcode 9.3";
			developmentRegion = en;
			hasScannedForEncodings = 0;
			knownRegions = (
				en,
				Base,
			);
			mainGroup = 69B8C0412497D3FA00ECE840;
			productRefGroup = 69B8C04C2497D3FA00ECE840 /* Products */;
			projectDirPath = "";
			projectRoot = "";
			targets = (
				69B8C04A2497D3FA00ECE840 /* SubFramework */,
				69B8C0532497D3FA00ECE840 /* SubFrameworkTests */,
			);
		};
/* End PBXProject section */

/* Begin PBXResourcesBuildPhase section */
		69B8C0492497D3FA00ECE840 /* Resources */ = {
			isa = PBXResourcesBuildPhase;
			buildActionMask = 2147483647;
			files = (
			);
			runOnlyForDeploymentPostprocessing = 0;
		};
		69B8C0522497D3FA00ECE840 /* Resources */ = {
			isa = PBXResourcesBuildPhase;
			buildActionMask = 2147483647;
			files = (
			);
			runOnlyForDeploymentPostprocessing = 0;
		};
/* End PBXResourcesBuildPhase section */

/* Begin PBXSourcesBuildPhase section */
		69B8C0472497D3FA00ECE840 /* Sources */ = {
			isa = PBXSourcesBuildPhase;
			buildActionMask = 2147483647;
			files = (
				69B8C0662497D42400ECE840 /* SampleFrameworkStruct.swift in Sources */,
			);
			runOnlyForDeploymentPostprocessing = 0;
		};
		69B8C0502497D3FA00ECE840 /* Sources */ = {
			isa = PBXSourcesBuildPhase;
			buildActionMask = 2147483647;
			files = (
				69B8C05A2497D3FA00ECE840 /* SubFrameworkTests.swift in Sources */,
			);
			runOnlyForDeploymentPostprocessing = 0;
		};
/* End PBXSourcesBuildPhase section */

/* Begin PBXTargetDependency section */
		69B8C0572497D3FA00ECE840 /* PBXTargetDependency */ = {
			isa = PBXTargetDependency;
			target = 69B8C04A2497D3FA00ECE840 /* SubFramework */;
			targetProxy = 69B8C0562497D3FA00ECE840 /* PBXContainerItemProxy */;
		};
/* End PBXTargetDependency section */

/* Begin XCBuildConfiguration section */
		69B8C05D2497D3FA00ECE840 /* Debug */ = {
			isa = XCBuildConfiguration;
			buildSettings = {
				ALWAYS_SEARCH_USER_PATHS = NO;
				CLANG_ANALYZER_NONNULL = YES;
				CLANG_ANALYZER_NUMBER_OBJECT_CONVERSION = YES_AGGRESSIVE;
				CLANG_CXX_LANGUAGE_STANDARD = "gnu++14";
				CLANG_CXX_LIBRARY = "libc++";
				CLANG_ENABLE_MODULES = YES;
				CLANG_ENABLE_OBJC_ARC = YES;
				CLANG_ENABLE_OBJC_WEAK = YES;
				CLANG_WARN_BLOCK_CAPTURE_AUTORELEASING = YES;
				CLANG_WARN_BOOL_CONVERSION = YES;
				CLANG_WARN_COMMA = YES;
				CLANG_WARN_CONSTANT_CONVERSION = YES;
				CLANG_WARN_DEPRECATED_OBJC_IMPLEMENTATIONS = YES;
				CLANG_WARN_DIRECT_OBJC_ISA_USAGE = YES_ERROR;
				CLANG_WARN_DOCUMENTATION_COMMENTS = YES;
				CLANG_WARN_EMPTY_BODY = YES;
				CLANG_WARN_ENUM_CONVERSION = YES;
				CLANG_WARN_INFINITE_RECURSION = YES;
				CLANG_WARN_INT_CONVERSION = YES;
				CLANG_WARN_NON_LITERAL_NULL_CONVERSION = YES;
				CLANG_WARN_OBJC_IMPLICIT_RETAIN_SELF = YES;
				CLANG_WARN_OBJC_LITERAL_CONVERSION = YES;
				CLANG_WARN_OBJC_ROOT_CLASS = YES_ERROR;
				CLANG_WARN_RANGE_LOOP_ANALYSIS = YES;
				CLANG_WARN_STRICT_PROTOTYPES = YES;
				CLANG_WARN_SUSPICIOUS_MOVE = YES;
				CLANG_WARN_UNGUARDED_AVAILABILITY = YES_AGGRESSIVE;
				CLANG_WARN_UNREACHABLE_CODE = YES;
				CLANG_WARN__DUPLICATE_METHOD_MATCH = YES;
				COPY_PHASE_STRIP = NO;
				CURRENT_PROJECT_VERSION = 1;
				DEBUG_INFORMATION_FORMAT = dwarf;
				ENABLE_STRICT_OBJC_MSGSEND = YES;
				ENABLE_TESTABILITY = YES;
				GCC_C_LANGUAGE_STANDARD = gnu11;
				GCC_DYNAMIC_NO_PIC = NO;
				GCC_NO_COMMON_BLOCKS = YES;
				GCC_OPTIMIZATION_LEVEL = 0;
				GCC_PREPROCESSOR_DEFINITIONS = (
					"DEBUG=1",
					"$(inherited)",
				);
				GCC_WARN_64_TO_32_BIT_CONVERSION = YES;
				GCC_WARN_ABOUT_RETURN_TYPE = YES_ERROR;
				GCC_WARN_UNDECLARED_SELECTOR = YES;
				GCC_WARN_UNINITIALIZED_AUTOS = YES_AGGRESSIVE;
				GCC_WARN_UNUSED_FUNCTION = YES;
				GCC_WARN_UNUSED_VARIABLE = YES;
				IPHONEOS_DEPLOYMENT_TARGET = 13.4;
				MTL_ENABLE_DEBUG_INFO = INCLUDE_SOURCE;
				MTL_FAST_MATH = YES;
				ONLY_ACTIVE_ARCH = YES;
				SDKROOT = iphoneos;
				SWIFT_ACTIVE_COMPILATION_CONDITIONS = DEBUG;
				SWIFT_OPTIMIZATION_LEVEL = "-Onone";
				VERSIONING_SYSTEM = "apple-generic";
				VERSION_INFO_PREFIX = "";
			};
			name = Debug;
		};
		69B8C05E2497D3FA00ECE840 /* Release */ = {
			isa = XCBuildConfiguration;
			buildSettings = {
				ALWAYS_SEARCH_USER_PATHS = NO;
				CLANG_ANALYZER_NONNULL = YES;
				CLANG_ANALYZER_NUMBER_OBJECT_CONVERSION = YES_AGGRESSIVE;
				CLANG_CXX_LANGUAGE_STANDARD = "gnu++14";
				CLANG_CXX_LIBRARY = "libc++";
				CLANG_ENABLE_MODULES = YES;
				CLANG_ENABLE_OBJC_ARC = YES;
				CLANG_ENABLE_OBJC_WEAK = YES;
				CLANG_WARN_BLOCK_CAPTURE_AUTORELEASING = YES;
				CLANG_WARN_BOOL_CONVERSION = YES;
				CLANG_WARN_COMMA = YES;
				CLANG_WARN_CONSTANT_CONVERSION = YES;
				CLANG_WARN_DEPRECATED_OBJC_IMPLEMENTATIONS = YES;
				CLANG_WARN_DIRECT_OBJC_ISA_USAGE = YES_ERROR;
				CLANG_WARN_DOCUMENTATION_COMMENTS = YES;
				CLANG_WARN_EMPTY_BODY = YES;
				CLANG_WARN_ENUM_CONVERSION = YES;
				CLANG_WARN_INFINITE_RECURSION = YES;
				CLANG_WARN_INT_CONVERSION = YES;
				CLANG_WARN_NON_LITERAL_NULL_CONVERSION = YES;
				CLANG_WARN_OBJC_IMPLICIT_RETAIN_SELF = YES;
				CLANG_WARN_OBJC_LITERAL_CONVERSION = YES;
				CLANG_WARN_OBJC_ROOT_CLASS = YES_ERROR;
				CLANG_WARN_RANGE_LOOP_ANALYSIS = YES;
				CLANG_WARN_STRICT_PROTOTYPES = YES;
				CLANG_WARN_SUSPICIOUS_MOVE = YES;
				CLANG_WARN_UNGUARDED_AVAILABILITY = YES_AGGRESSIVE;
				CLANG_WARN_UNREACHABLE_CODE = YES;
				CLANG_WARN__DUPLICATE_METHOD_MATCH = YES;
				COPY_PHASE_STRIP = NO;
				CURRENT_PROJECT_VERSION = 1;
				DEBUG_INFORMATION_FORMAT = "dwarf-with-dsym";
				ENABLE_NS_ASSERTIONS = NO;
				ENABLE_STRICT_OBJC_MSGSEND = YES;
				GCC_C_LANGUAGE_STANDARD = gnu11;
				GCC_NO_COMMON_BLOCKS = YES;
				GCC_WARN_64_TO_32_BIT_CONVERSION = YES;
				GCC_WARN_ABOUT_RETURN_TYPE = YES_ERROR;
				GCC_WARN_UNDECLARED_SELECTOR = YES;
				GCC_WARN_UNINITIALIZED_AUTOS = YES_AGGRESSIVE;
				GCC_WARN_UNUSED_FUNCTION = YES;
				GCC_WARN_UNUSED_VARIABLE = YES;
				IPHONEOS_DEPLOYMENT_TARGET = 13.4;
				MTL_ENABLE_DEBUG_INFO = NO;
				MTL_FAST_MATH = YES;
				SDKROOT = iphoneos;
				SWIFT_COMPILATION_MODE = wholemodule;
				SWIFT_OPTIMIZATION_LEVEL = "-O";
				VALIDATE_PRODUCT = YES;
				VERSIONING_SYSTEM = "apple-generic";
				VERSION_INFO_PREFIX = "";
			};
			name = Release;
		};
		69B8C0602497D3FA00ECE840 /* Debug */ = {
			isa = XCBuildConfiguration;
			buildSettings = {
				CLANG_ENABLE_MODULES = YES;
				CODE_SIGN_STYLE = Automatic;
				DEFINES_MODULE = YES;
				DYLIB_COMPATIBILITY_VERSION = 1;
				DYLIB_CURRENT_VERSION = 1;
				DYLIB_INSTALL_NAME_BASE = "@rpath";
				INFOPLIST_FILE = SubFramework/Info.plist;
				INSTALL_PATH = "$(LOCAL_LIBRARY_DIR)/Frameworks";
				LD_RUNPATH_SEARCH_PATHS = (
					"$(inherited)",
					"@executable_path/Frameworks",
					"@loader_path/Frameworks",
				);
				PRODUCT_BUNDLE_IDENTIFIER = co.jay.SubFramework;
				PRODUCT_NAME = "$(TARGET_NAME:c99extidentifier)";
				SKIP_INSTALL = YES;
				SWIFT_OPTIMIZATION_LEVEL = "-Onone";
				SWIFT_VERSION = 5.0;
				TARGETED_DEVICE_FAMILY = "1,2";
			};
			name = Debug;
		};
		69B8C0612497D3FA00ECE840 /* Release */ = {
			isa = XCBuildConfiguration;
			buildSettings = {
				CLANG_ENABLE_MODULES = YES;
				CODE_SIGN_STYLE = Automatic;
				DEFINES_MODULE = YES;
				DYLIB_COMPATIBILITY_VERSION = 1;
				DYLIB_CURRENT_VERSION = 1;
				DYLIB_INSTALL_NAME_BASE = "@rpath";
				INFOPLIST_FILE = SubFramework/Info.plist;
				INSTALL_PATH = "$(LOCAL_LIBRARY_DIR)/Frameworks";
				LD_RUNPATH_SEARCH_PATHS = (
					"$(inherited)",
					"@executable_path/Frameworks",
					"@loader_path/Frameworks",
				);
				PRODUCT_BUNDLE_IDENTIFIER = co.jay.SubFramework;
				PRODUCT_NAME = "$(TARGET_NAME:c99extidentifier)";
				SKIP_INSTALL = YES;
				SWIFT_VERSION = 5.0;
				TARGETED_DEVICE_FAMILY = "1,2";
			};
			name = Release;
		};
		69B8C0632497D3FA00ECE840 /* Debug */ = {
			isa = XCBuildConfiguration;
			buildSettings = {
				ALWAYS_EMBED_SWIFT_STANDARD_LIBRARIES = YES;
				CODE_SIGN_STYLE = Automatic;
				INFOPLIST_FILE = SubFrameworkTests/Info.plist;
				LD_RUNPATH_SEARCH_PATHS = (
					"$(inherited)",
					"@executable_path/Frameworks",
					"@loader_path/Frameworks",
				);
				PRODUCT_BUNDLE_IDENTIFIER = co.jay.SubFrameworkTests;
				PRODUCT_NAME = "$(TARGET_NAME)";
				SWIFT_VERSION = 5.0;
				TARGETED_DEVICE_FAMILY = "1,2";
			};
			name = Debug;
		};
		69B8C0642497D3FA00ECE840 /* Release */ = {
			isa = XCBuildConfiguration;
			buildSettings = {
				ALWAYS_EMBED_SWIFT_STANDARD_LIBRARIES = YES;
				CODE_SIGN_STYLE = Automatic;
				INFOPLIST_FILE = SubFrameworkTests/Info.plist;
				LD_RUNPATH_SEARCH_PATHS = (
					"$(inherited)",
					"@executable_path/Frameworks",
					"@loader_path/Frameworks",
				);
				PRODUCT_BUNDLE_IDENTIFIER = co.jay.SubFrameworkTests;
				PRODUCT_NAME = "$(TARGET_NAME)";
				SWIFT_VERSION = 5.0;
				TARGETED_DEVICE_FAMILY = "1,2";
			};
			name = Release;
		};
/* End XCBuildConfiguration section */

/* Begin XCConfigurationList section */
		69B8C0452497D3FA00ECE840 /* Build configuration list for PBXProject "SubFramework" */ = {
			isa = XCConfigurationList;
			buildConfigurations = (
				69B8C05D2497D3FA00ECE840 /* Debug */,
				69B8C05E2497D3FA00ECE840 /* Release */,
			);
			defaultConfigurationIsVisible = 0;
			defaultConfigurationName = Release;
		};
		69B8C05F2497D3FA00ECE840 /* Build configuration list for PBXNativeTarget "SubFramework" */ = {
			isa = XCConfigurationList;
			buildConfigurations = (
				69B8C0602497D3FA00ECE840 /* Debug */,
				69B8C0612497D3FA00ECE840 /* Release */,
			);
			defaultConfigurationIsVisible = 0;
			defaultConfigurationName = Release;
		};
		69B8C0622497D3FA00ECE840 /* Build configuration list for PBXNativeTarget "SubFrameworkTests" */ = {
			isa = XCConfigurationList;
			buildConfigurations = (
				69B8C0632497D3FA00ECE840 /* Debug */,
				69B8C0642497D3FA00ECE840 /* Release */,
			);
			defaultConfigurationIsVisible = 0;
			defaultConfigurationName = Release;
		};
/* End XCConfigurationList section */
	};
	rootObject = 69B8C0422497D3FA00ECE840 /* Project object */;
}
